
Microsoft Visual Studio Solution File, Format Version 12.00
# Visual Studio Version 17
VisualStudioVersion = 17.9.34728.123
MinimumVisualStudioVersion = 10.0.40219.1
Project("{FAE04EC0-301F-11D3-BF4B-00C04F79EFBC}") = "CapgeminiQ5.API", "CapgeminiQ5.API\CapgeminiQ5.API.csproj", "{F1A12724-B630-4CE8-A1BD-07790502AAC8}"
EndProject
Project("{FAE04EC0-301F-11D3-BF4B-00C04F79EFBC}") = "CapgeminiQ5.Application", "CapgeminiQ5.Application\CapgeminiQ5.Application.csproj", "{BDFA5686-E18F-4339-8DBF-7658AD57C75D}"
EndProject
Project("{FAE04EC0-301F-11D3-BF4B-00C04F79EFBC}") = "CapgeminiQ5.Infrastructure", "CapgeminiQ5.Infrastructure\CapgeminiQ5.Infrastructure.csproj", "{EF618439-7DEB-45C2-BF47-82924D80AA40}"
EndProject
Project("{FAE04EC0-301F-11D3-BF4B-00C04F79EFBC}") = "CapgeminiQ5.Domain", "CapgeminiQ5.Domain\CapgeminiQ5.Domain.csproj", "{8CBA40D4-00E5-4B98-A199-FDA72A24A3DA}"
EndProject
Project("{FAE04EC0-301F-11D3-BF4B-00C04F79EFBC}") = "CapgeminiQ5.Tests", "CapgeminiQ5.Tests\CapgeminiQ5.Tests.csproj", "{19B94BEA-8293-4BA2-AF4F-EA34A9C755E2}"
EndProject
Global
	GlobalSection(SolutionConfigurationPlatforms) = preSolution
		Debug|Any CPU = Debug|Any CPU
		Debug|x64 = Debug|x64
		Debug|x86 = Debug|x86
		Release|Any CPU = Release|Any CPU
		Release|x64 = Release|x64
		Release|x86 = Release|x86
	EndGlobalSection
	GlobalSection(ProjectConfigurationPlatforms) = postSolution
		{F1A12724-B630-4CE8-A1BD-07790502AAC8}.Debug|Any CPU.ActiveCfg = Debug|Any CPU
		{F1A12724-B630-4CE8-A1BD-07790502AAC8}.Debug|Any CPU.Build.0 = Debug|Any CPU
		{F1A12724-B630-4CE8-A1BD-07790502AAC8}.Debug|x64.ActiveCfg = Debug|Any CPU
		{F1A12724-B630-4CE8-A1BD-07790502AAC8}.Debug|x64.Build.0 = Debug|Any CPU
		{F1A12724-B630-4CE8-A1BD-07790502AAC8}.Debug|x86.ActiveCfg = Debug|Any CPU
		{F1A12724-B630-4CE8-A1BD-07790502AAC8}.Debug|x86.Build.0 = Debug|Any CPU
		{F1A12724-B630-4CE8-A1BD-07790502AAC8}.Release|Any CPU.ActiveCfg = Release|Any CPU
		{F1A12724-B630-4CE8-A1BD-07790502AAC8}.Release|Any CPU.Build.0 = Release|Any CPU
		{F1A12724-B630-4CE8-A1BD-07790502AAC8}.Release|x64.ActiveCfg = Release|Any CPU
		{F1A12724-B630-4CE8-A1BD-07790502AAC8}.Release|x64.Build.0 = Release|Any CPU
		{F1A12724-B630-4CE8-A1BD-07790502AAC8}.Release|x86.ActiveCfg = Release|Any CPU
		{F1A12724-B630-4CE8-A1BD-07790502AAC8}.Release|x86.Build.0 = Release|Any CPU
		{BDFA5686-E18F-4339-8DBF-7658AD57C75D}.Debug|Any CPU.ActiveCfg = Debug|Any CPU
		{BDFA5686-E18F-4339-8DBF-7658AD57C75D}.Debug|Any CPU.Build.0 = Debug|Any CPU
		{BDFA5686-E18F-4339-8DBF-7658AD57C75D}.Debug|x64.ActiveCfg = Debug|Any CPU
		{BDFA5686-E18F-4339-8DBF-7658AD57C75D}.Debug|x64.Build.0 = Debug|Any CPU
		{BDFA5686-E18F-4339-8DBF-7658AD57C75D}.Debug|x86.ActiveCfg = Debug|Any CPU
		{BDFA5686-E18F-4339-8DBF-7658AD57C75D}.Debug|x86.Build.0 = Debug|Any CPU
		{BDFA5686-E18F-4339-8DBF-7658AD57C75D}.Release|Any CPU.ActiveCfg = Release|Any CPU
		{BDFA5686-E18F-4339-8DBF-7658AD57C75D}.Release|Any CPU.Build.0 = Release|Any CPU
		{BDFA5686-E18F-4339-8DBF-7658AD57C75D}.Release|x64.ActiveCfg = Release|Any CPU
		{BDFA5686-E18F-4339-8DBF-7658AD57C75D}.Release|x64.Build.0 = Release|Any CPU
		{BDFA5686-E18F-4339-8DBF-7658AD57C75D}.Release|x86.ActiveCfg = Release|Any CPU
		{BDFA5686-E18F-4339-8DBF-7658AD57C75D}.Release|x86.Build.0 = Release|Any CPU
		{EF618439-7DEB-45C2-BF47-82924D80AA40}.Debug|Any CPU.ActiveCfg = Debug|Any CPU
		{EF618439-7DEB-45C2-BF47-82924D80AA40}.Debug|Any CPU.Build.0 = Debug|Any CPU
		{EF618439-7DEB-45C2-BF47-82924D80AA40}.Debug|x64.ActiveCfg = Debug|Any CPU
		{EF618439-7DEB-45C2-BF47-82924D80AA40}.Debug|x64.Build.0 = Debug|Any CPU
		{EF618439-7DEB-45C2-BF47-82924D80AA40}.Debug|x86.ActiveCfg = Debug|Any CPU
		{EF618439-7DEB-45C2-BF47-82924D80AA40}.Debug|x86.Build.0 = Debug|Any CPU
		{EF618439-7DEB-45C2-BF47-82924D80AA40}.Release|Any CPU.ActiveCfg = Release|Any CPU
		{EF618439-7DEB-45C2-BF47-82924D80AA40}.Release|Any CPU.Build.0 = Release|Any CPU
		{EF618439-7DEB-45C2-BF47-82924D80AA40}.Release|x64.ActiveCfg = Release|Any CPU
		{EF618439-7DEB-45C2-BF47-82924D80AA40}.Release|x64.Build.0 = Release|Any CPU
		{EF618439-7DEB-45C2-BF47-82924D80AA40}.Release|x86.ActiveCfg = Release|Any CPU
		{EF618439-7DEB-45C2-BF47-82924D80AA40}.Release|x86.Build.0 = Release|Any CPU
		{8CBA40D4-00E5-4B98-A199-FDA72A24A3DA}.Debug|Any CPU.ActiveCfg = Debug|Any CPU
		{8CBA40D4-00E5-4B98-A199-FDA72A24A3DA}.Debug|Any CPU.Build.0 = Debug|Any CPU
		{8CBA40D4-00E5-4B98-A199-FDA72A24A3DA}.Debug|x64.ActiveCfg = Debug|Any CPU
		{8CBA40D4-00E5-4B98-A199-FDA72A24A3DA}.Debug|x64.Build.0 = Debug|Any CPU
		{8CBA40D4-00E5-4B98-A199-FDA72A24A3DA}.Debug|x86.ActiveCfg = Debug|Any CPU
		{8CBA40D4-00E5-4B98-A199-FDA72A24A3DA}.Debug|x86.Build.0 = Debug|Any CPU
		{8CBA40D4-00E5-4B98-A199-FDA72A24A3DA}.Release|Any CPU.ActiveCfg = Release|Any CPU
		{8CBA40D4-00E5-4B98-A199-FDA72A24A3DA}.Release|Any CPU.Build.0 = Release|Any CPU
		{8CBA40D4-00E5-4B98-A199-FDA72A24A3DA}.Release|x64.ActiveCfg = Release|Any CPU
		{8CBA40D4-00E5-4B98-A199-FDA72A24A3DA}.Release|x64.Build.0 = Release|Any CPU
		{8CBA40D4-00E5-4B98-A199-FDA72A24A3DA}.Release|x86.ActiveCfg = Release|Any CPU
		{8CBA40D4-00E5-4B98-A199-FDA72A24A3DA}.Release|x86.Build.0 = Release|Any CPU
		{19B94BEA-8293-4BA2-AF4F-EA34A9C755E2}.Debug|Any CPU.ActiveCfg = Debug|Any CPU
		{19B94BEA-8293-4BA2-AF4F-EA34A9C755E2}.Debug|Any CPU.Build.0 = Debug|Any CPU
		{19B94BEA-8293-4BA2-AF4F-EA34A9C755E2}.Debug|x64.ActiveCfg = Debug|Any CPU
		{19B94BEA-8293-4BA2-AF4F-EA34A9C755E2}.Debug|x64.Build.0 = Debug|Any CPU
		{19B94BEA-8293-4BA2-AF4F-EA34A9C755E2}.Debug|x86.ActiveCfg = Debug|Any CPU
		{19B94BEA-8293-4BA2-AF4F-EA34A9C755E2}.Debug|x86.Build.0 = Debug|Any CPU
		{19B94BEA-8293-4BA2-AF4F-EA34A9C755E2}.Release|Any CPU.ActiveCfg = Release|Any CPU
		{19B94BEA-8293-4BA2-AF4F-EA34A9C755E2}.Release|Any CPU.Build.0 = Release|Any CPU
		{19B94BEA-8293-4BA2-AF4F-EA34A9C755E2}.Release|x64.ActiveCfg = Release|Any CPU
		{19B94BEA-8293-4BA2-AF4F-EA34A9C755E2}.Release|x64.Build.0 = Release|Any CPU
		{19B94BEA-8293-4BA2-AF4F-EA34A9C755E2}.Release|x86.ActiveCfg = Release|Any CPU
		{19B94BEA-8293-4BA2-AF4F-EA34A9C755E2}.Release|x86.Build.0 = Release|Any CPU
	EndGlobalSection
	GlobalSection(SolutionProperties) = preSolution
		HideSolutionNode = FALSE
	EndGlobalSection
	GlobalSection(ExtensibilityGlobals) = postSolution
		SolutionGuid = {09606DF2-1C00-4640-9F4E-D3CFC956EBC1}
	EndGlobalSection
EndGlobal
